// !$*UTF8*$!
{
	archiveVersion = 1;
	classes = {
	};
	objectVersion = 77;
	objects = {

/* Begin PBXBuildFile section */
		7C114BCF2F123C27004FEC44 /* BoardColors.swift in Sources */ = {isa = PBXBuildFile; fileRef = 7C114BCE2F123C27004FEC44 /* BoardColors.swift */; };
		7C114CC62F14DEE0004FEC44 /* ThreadDetailView+Compat.swift in Sources */ = {isa = PBXBuildFile; fileRef = 7C114CC52F14DEE0004FEC44 /* ThreadDetailView+Compat.swift */; };
		7C18B8482F0B8397003C8002 /* VichanBoardsAPI.swift in Sources */ = {isa = PBXBuildFile; fileRef = 7C18B8472F0B8397003C8002 /* VichanBoardsAPI.swift */; };
		7C18B84A2F0B8478003C8002 /* VichanCatalogAPI.swift in Sources */ = {isa = PBXBuildFile; fileRef = 7C18B8492F0B8478003C8002 /* VichanCatalogAPI.swift */; };
		7C18B84C2F0B8478003C8002 /* ExternalThreadListView.swift in Sources */ = {isa = PBXBuildFile; fileRef = 7C18B84B2F0B8478003C8002 /* ExternalThreadListView.swift */; };
		7C6351142EF7DA8B00AB9F9F /* CacheManager.swift in Sources */ = {isa = PBXBuildFile; fileRef = 7C6351132EF7DA8B00AB9F9F /* CacheManager.swift */; };
		7C6351162EF7DBD500AB9F9F /* MediaCacheManager.swift in Sources */ = {isa = PBXBuildFile; fileRef = 7C6351152EF7DBD500AB9F9F /* MediaCacheManager.swift */; };
		7CE638562EF8614900B3C046 /* BoardDirectory.swift in Sources */ = {isa = PBXBuildFile; fileRef = 7CE638552EF8614900B3C046 /* BoardDirectory.swift */; };
		7CE638622EF8702300B3C046 /* CookieBridge.swift in Sources */ = {isa = PBXBuildFile; fileRef = 7CE638612EF8702300B3C046 /* CookieBridge.swift */; };
/* End PBXBuildFile section */

/* Begin PBXFileReference section */
		7C114BCE2F123C27004FEC44 /* BoardColors.swift */ = {isa = PBXFileReference; lastKnownFileType = sourcecode.swift; path = BoardColors.swift; sourceTree = "<group>"; };
		7C114CC52F14DEE0004FEC44 /* ThreadDetailView+Compat.swift */ = {isa = PBXFileReference; lastKnownFileType = sourcecode.swift; path = "ThreadDetailView+Compat.swift"; sourceTree = "<group>"; };
		7C18B8472F0B8397003C8002 /* VichanBoardsAPI.swift */ = {isa = PBXFileReference; lastKnownFileType = sourcecode.swift; path = VichanBoardsAPI.swift; sourceTree = "<group>"; };
		7C18B8492F0B8478003C8002 /* VichanCatalogAPI.swift */ = {isa = PBXFileReference; lastKnownFileType = sourcecode.swift; path = VichanCatalogAPI.swift; sourceTree = "<group>"; };
		7C18B84B2F0B8478003C8002 /* ExternalThreadListView.swift */ = {isa = PBXFileReference; lastKnownFileType = sourcecode.swift; path = ExternalThreadListView.swift; sourceTree = "<group>"; };
		7C5010CE2EF6CBC500072401 /* iOSchan.app */ = {isa = PBXFileReference; explicitFileType = wrapper.application; includeInIndex = 0; path = iOSchan.app; sourceTree = BUILT_PRODUCTS_DIR; };
		7C6351132EF7DA8B00AB9F9F /* CacheManager.swift */ = {isa = PBXFileReference; lastKnownFileType = sourcecode.swift; path = CacheManager.swift; sourceTree = "<group>"; };
		7C6351152EF7DBD500AB9F9F /* MediaCacheManager.swift */ = {isa = PBXFileReference; lastKnownFileType = sourcecode.swift; path = MediaCacheManager.swift; sourceTree = "<group>"; };
		7CE638552EF8614900B3C046 /* BoardDirectory.swift */ = {isa = PBXFileReference; lastKnownFileType = sourcecode.swift; path = BoardDirectory.swift; sourceTree = "<group>"; };
		7CE638612EF8702300B3C046 /* CookieBridge.swift */ = {isa = PBXFileReference; lastKnownFileType = sourcecode.swift; path = CookieBridge.swift; sourceTree = "<group>"; };
/* End PBXFileReference section */

/* Begin PBXFileSystemSynchronizedBuildFileExceptionSet section */
		7C50110A2EF6F5F200072401 /* Exceptions for "iOSchan" folder in "iOSchan" target */ = {
			isa = PBXFileSystemSynchronizedBuildFileExceptionSet;
			membershipExceptions = (
				Info.plist,
			);
			target = 7C5010CD2EF6CBC500072401 /* iOSchan */;
		};
/* End PBXFileSystemSynchronizedBuildFileExceptionSet section */

/* Begin PBXFileSystemSynchronizedRootGroup section */
		7C5010D02EF6CBC500072401 /* iOSchan */ = {
			isa = PBXFileSystemSynchronizedRootGroup;
			exceptions = (
				7C50110A2EF6F5F200072401 /* Exceptions for "iOSchan" folder in "iOSchan" target */,
			);
			path = iOSchan;
			sourceTree = "<group>";
		};
/* End PBXFileSystemSynchronizedRootGroup section */

/* Begin PBXFrameworksBuildPhase section */
		7C5010CB2EF6CBC500072401 /* Frameworks */ = {
			isa = PBXFrameworksBuildPhase;
			buildActionMask = 2147483647;
			files = (
			);
			runOnlyForDeploymentPostprocessing = 0;
		};
/* End PBXFrameworksBuildPhase section */

/* Begin PBXGroup section */
		7C5010C52EF6CBC500072401 = {
			isa = PBXGroup;
			children = (
				7C5010D02EF6CBC500072401 /* iOSchan */,
				7C5010CF2EF6CBC500072401 /* Products */,
				7C6351132EF7DA8B00AB9F9F /* CacheManager.swift */,
				7C6351152EF7DBD500AB9F9F /* MediaCacheManager.swift */,
				7CE638552EF8614900B3C046 /* BoardDirectory.swift */,
				7CE638612EF8702300B3C046 /* CookieBridge.swift */,
				7C18B8472F0B8397003C8002 /* VichanBoardsAPI.swift */,
				7C18B8492F0B8478003C8002 /* VichanCatalogAPI.swift */,
				7C18B84B2F0B8478003C8002 /* ExternalThreadListView.swift */,
				7C114BCE2F123C27004FEC44 /* BoardColors.swift */,
				7C114CC52F14DEE0004FEC44 /* ThreadDetailView+Compat.swift */,
			);
			sourceTree = "<group>";
		};
		7C5010CF2EF6CBC500072401 /* Products */ = {
			isa = PBXGroup;
			children = (
				7C5010CE2EF6CBC500072401 /* iOSchan.app */,
			);
			name = Products;
			sourceTree = "<group>";
		};
/* End PBXGroup section */

/* Begin PBXNativeTarget section */
		7C5010CD2EF6CBC500072401 /* iOSchan */ = {
			isa = PBXNativeTarget;
			buildConfigurationList = 7C5010D92EF6CBC600072401 /* Build configuration list for PBXNativeTarget "iOSchan" */;
			buildPhases = (
				7C5010CA2EF6CBC500072401 /* Sources */,
				7C5010CB2EF6CBC500072401 /* Frameworks */,
				7C5010CC2EF6CBC500072401 /* Resources */,
			);
			buildRules = (
			);
			dependencies = (
			);
			fileSystemSynchronizedGroups = (
				7C5010D02EF6CBC500072401 /* iOSchan */,
			);
			name = iOSchan;
			packageProductDependencies = (
			);
			productName = iOSchan;
			productReference = 7C5010CE2EF6CBC500072401 /* iOSchan.app */;
			productType = "com.apple.product-type.application";
		};
/* End PBXNativeTarget section */

/* Begin PBXProject section */
		7C5010C62EF6CBC500072401 /* Project object */ = {
			isa = PBXProject;
			attributes = {
				BuildIndependentTargetsInParallel = 1;
				LastSwiftUpdateCheck = 2620;
				LastUpgradeCheck = 2620;
				TargetAttributes = {
					7C5010CD2EF6CBC500072401 = {
						CreatedOnToolsVersion = 26.2;
					};
				};
			};
			buildConfigurationList = 7C5010C92EF6CBC500072401 /* Build configuration list for PBXProject "iOSchan" */;
			developmentRegion = en;
			hasScannedForEncodings = 0;
			knownRegions = (
				en,
				Base,
			);
			mainGroup = 7C5010C52EF6CBC500072401;
			minimizedProjectReferenceProxies = 1;
			preferredProjectObjectVersion = 77;
			productRefGroup = 7C5010CF2EF6CBC500072401 /* Products */;
			projectDirPath = "";
			projectRoot = "";
			targets = (
				7C5010CD2EF6CBC500072401 /* iOSchan */,
			);
		};
/* End PBXProject section */

/* Begin PBXResourcesBuildPhase section */
		7C5010CC2EF6CBC500072401 /* Resources */ = {
			isa = PBXResourcesBuildPhase;
			buildActionMask = 2147483647;
			files = (
			);
			runOnlyForDeploymentPostprocessing = 0;
		};
/* End PBXResourcesBuildPhase section */

/* Begin PBXSourcesBuildPhase section */
		7C5010CA2EF6CBC500072401 /* Sources */ = {
			isa = PBXSourcesBuildPhase;
			buildActionMask = 2147483647;
			files = (
				7CE638622EF8702300B3C046 /* CookieBridge.swift in Sources */,
				7CE638562EF8614900B3C046 /* BoardDirectory.swift in Sources */,
				7C6351162EF7DBD500AB9F9F /* MediaCacheManager.swift in Sources */,
				7C6351142EF7DA8B00AB9F9F /* CacheManager.swift in Sources */,
				7C18B84C2F0B8478003C8002 /* ExternalThreadListView.swift in Sources */,
				7C114BCF2F123C27004FEC44 /* BoardColors.swift in Sources */,
				7C114CC62F14DEE0004FEC44 /* ThreadDetailView+Compat.swift in Sources */,
				7C18B84A2F0B8478003C8002 /* VichanCatalogAPI.swift in Sources */,
				7C18B8482F0B8397003C8002 /* VichanBoardsAPI.swift in Sources */,
			);
			runOnlyForDeploymentPostprocessing = 0;
		};
/* End PBXSourcesBuildPhase section */

/* Begin XCBuildConfiguration section */
		7C5010D72EF6CBC600072401 /* Debug */ = {
			isa = XCBuildConfiguration;
			buildSettings = {
				ALWAYS_SEARCH_USER_PATHS = NO;
				ASSETCATALOG_COMPILER_GENERATE_SWIFT_ASSET_SYMBOL_EXTENSIONS = YES;
				CLANG_ANALYZER_NONNULL = YES;
				CLANG_ANALYZER_NUMBER_OBJECT_CONVERSION = YES_AGGRESSIVE;
				CLANG_CXX_LANGUAGE_STANDARD = "gnu++20";
				CLANG_ENABLE_MODULES = YES;
				CLANG_ENABLE_OBJC_ARC = YES;
				CLANG_ENABLE_OBJC_WEAK = YES;
				CLANG_WARN_BLOCK_CAPTURE_AUTORELEASING = YES;
				CLANG_WARN_BOOL_CONVERSION = YES;
				CLANG_WARN_COMMA = YES;
				CLANG_WARN_CONSTANT_CONVERSION = YES;
				CLANG_WARN_DEPRECATED_OBJC_IMPLEMENTATIONS = YES;
				CLANG_WARN_DIRECT_OBJC_ISA_USAGE = YES_ERROR;
				CLANG_WARN_DOCUMENTATION_COMMENTS = YES;
				CLANG_WARN_EMPTY_BODY = YES;
				CLANG_WARN_ENUM_CONVERSION = YES;
				CLANG_WARN_INFINITE_RECURSION = YES;
				CLANG_WARN_INT_CONVERSION = YES;
				CLANG_WARN_NON_LITERAL_NULL_CONVERSION = YES;
				CLANG_WARN_OBJC_IMPLICIT_RETAIN_SELF = YES;
				CLANG_WARN_OBJC_LITERAL_CONVERSION = YES;
				CLANG_WARN_OBJC_ROOT_CLASS = YES_ERROR;
				CLANG_WARN_QUOTED_INCLUDE_IN_FRAMEWORK_HEADER = YES;
				CLANG_WARN_RANGE_LOOP_ANALYSIS = YES;
				CLANG_WARN_STRICT_PROTOTYPES = YES;
				CLANG_WARN_SUSPICIOUS_MOVE = YES;
				CLANG_WARN_UNGUARDED_AVAILABILITY = YES_AGGRESSIVE;
				CLANG_WARN_UNREACHABLE_CODE = YES;
				CLANG_WARN__DUPLICATE_METHOD_MATCH = YES;
				COPY_PHASE_STRIP = NO;
				DEBUG_INFORMATION_FORMAT = dwarf;
				DEVELOPMENT_TEAM = VQLHV2V68B;
				ENABLE_STRICT_OBJC_MSGSEND = YES;
				ENABLE_TESTABILITY = YES;
				ENABLE_USER_SCRIPT_SANDBOXING = YES;
				GCC_C_LANGUAGE_STANDARD = gnu17;
				GCC_DYNAMIC_NO_PIC = NO;
				GCC_NO_COMMON_BLOCKS = YES;
				GCC_OPTIMIZATION_LEVEL = 0;
				GCC_PREPROCESSOR_DEFINITIONS = (
					"DEBUG=1",
					"$(inherited)",
				);
				GCC_WARN_64_TO_32_BIT_CONVERSION = YES;
				GCC_WARN_ABOUT_RETURN_TYPE = YES_ERROR;
				GCC_WARN_UNDECLARED_SELECTOR = YES;
				GCC_WARN_UNINITIALIZED_AUTOS = YES_AGGRESSIVE;
				GCC_WARN_UNUSED_FUNCTION = YES;
				GCC_WARN_UNUSED_VARIABLE = YES;
				"INFOPLIST_FILE[sdk=*]" = Info.plist;
				IPHONEOS_DEPLOYMENT_TARGET = 26.2;
				LOCALIZATION_PREFERS_STRING_CATALOGS = YES;
				MTL_ENABLE_DEBUG_INFO = INCLUDE_SOURCE;
				MTL_FAST_MATH = YES;
				ONLY_ACTIVE_ARCH = YES;
				SDKROOT = iphoneos;
				SWIFT_ACTIVE_COMPILATION_CONDITIONS = "DEBUG $(inherited)";
				SWIFT_OPTIMIZATION_LEVEL = "-Onone";
			};
			name = Debug;
		};
		7C5010D82EF6CBC600072401 /* Release */ = {
			isa = XCBuildConfiguration;
			buildSettings = {
				ALWAYS_SEARCH_USER_PATHS = NO;
				ASSETCATALOG_COMPILER_GENERATE_SWIFT_ASSET_SYMBOL_EXTENSIONS = YES;
				CLANG_ANALYZER_NONNULL = YES;
				CLANG_ANALYZER_NUMBER_OBJECT_CONVERSION = YES_AGGRESSIVE;
				CLANG_CXX_LANGUAGE_STANDARD = "gnu++20";
				CLANG_ENABLE_MODULES = YES;
				CLANG_ENABLE_OBJC_ARC = YES;
				CLANG_ENABLE_OBJC_WEAK = YES;
				CLANG_WARN_BLOCK_CAPTURE_AUTORELEASING = YES;
				CLANG_WARN_BOOL_CONVERSION = YES;
				CLANG_WARN_COMMA = YES;
				CLANG_WARN_CONSTANT_CONVERSION = YES;
				CLANG_WARN_DEPRECATED_OBJC_IMPLEMENTATIONS = YES;
				CLANG_WARN_DIRECT_OBJC_ISA_USAGE = YES_ERROR;
				CLANG_WARN_DOCUMENTATION_COMMENTS = YES;
				CLANG_WARN_EMPTY_BODY = YES;
				CLANG_WARN_ENUM_CONVERSION = YES;
				CLANG_WARN_INFINITE_RECURSION = YES;
				CLANG_WARN_INT_CONVERSION = YES;
				CLANG_WARN_NON_LITERAL_NULL_CONVERSION = YES;
				CLANG_WARN_OBJC_IMPLICIT_RETAIN_SELF = YES;
				CLANG_WARN_OBJC_LITERAL_CONVERSION = YES;
				CLANG_WARN_OBJC_ROOT_CLASS = YES_ERROR;
				CLANG_WARN_QUOTED_INCLUDE_IN_FRAMEWORK_HEADER = YES;
				CLANG_WARN_RANGE_LOOP_ANALYSIS = YES;
				CLANG_WARN_STRICT_PROTOTYPES = YES;
				CLANG_WARN_SUSPICIOUS_MOVE = YES;
				CLANG_WARN_UNGUARDED_AVAILABILITY = YES_AGGRESSIVE;
				CLANG_WARN_UNREACHABLE_CODE = YES;
				CLANG_WARN__DUPLICATE_METHOD_MATCH = YES;
				COPY_PHASE_STRIP = NO;
				DEBUG_INFORMATION_FORMAT = "dwarf-with-dsym";
				DEVELOPMENT_TEAM = VQLHV2V68B;
				ENABLE_NS_ASSERTIONS = NO;
				ENABLE_STRICT_OBJC_MSGSEND = YES;
				ENABLE_USER_SCRIPT_SANDBOXING = YES;
				GCC_C_LANGUAGE_STANDARD = gnu17;
				GCC_NO_COMMON_BLOCKS = YES;
				GCC_WARN_64_TO_32_BIT_CONVERSION = YES;
				GCC_WARN_ABOUT_RETURN_TYPE = YES_ERROR;
				GCC_WARN_UNDECLARED_SELECTOR = YES;
				GCC_WARN_UNINITIALIZED_AUTOS = YES_AGGRESSIVE;
				GCC_WARN_UNUSED_FUNCTION = YES;
				GCC_WARN_UNUSED_VARIABLE = YES;
				"INFOPLIST_FILE[sdk=*]" = Info.plist;
				IPHONEOS_DEPLOYMENT_TARGET = 26.2;
				LOCALIZATION_PREFERS_STRING_CATALOGS = YES;
				MTL_ENABLE_DEBUG_INFO = NO;
				MTL_FAST_MATH = YES;
				SDKROOT = iphoneos;
				SWIFT_COMPILATION_MODE = wholemodule;
				VALIDATE_PRODUCT = YES;
			};
			name = Release;
		};
		7C5010DA2EF6CBC600072401 /* Debug */ = {
			isa = XCBuildConfiguration;
			buildSettings = {
				ASSETCATALOG_COMPILER_APPICON_NAME = AppIcon;
				ASSETCATALOG_COMPILER_GLOBAL_ACCENT_COLOR_NAME = AccentColor;
				ASSETCATALOG_COMPILER_INCLUDE_ALL_APPICON_ASSETS = YES;
				CODE_SIGN_STYLE = Automatic;
				CURRENT_PROJECT_VERSION = 1;
				DEVELOPMENT_TEAM = VQLHV2V68B;
				ENABLE_PREVIEWS = YES;
				GENERATE_INFOPLIST_FILE = YES;
				INFOPLIST_FILE = iOSchan/Info.plist;
				INFOPLIST_KEY_LSSupportsOpeningDocumentsInPlace = YES;
				INFOPLIST_KEY_NSPhotoLibraryAddUsageDescription = "Save images to gallery.";
				INFOPLIST_KEY_UIApplicationSceneManifest_Generation = YES;
				INFOPLIST_KEY_UIApplicationSupportsIndirectInputEvents = YES;
				INFOPLIST_KEY_UILaunchScreen_Generation = YES;
				INFOPLIST_KEY_UILaunchStoryboardName = LaunchScreen.storyboard;
				INFOPLIST_KEY_UISupportedInterfaceOrientations_iPad = "UIInterfaceOrientationPortrait UIInterfaceOrientationPortraitUpsideDown UIInterfaceOrientationLandscapeLeft UIInterfaceOrientationLandscapeRight";
				INFOPLIST_KEY_UISupportedInterfaceOrientations_iPhone = "UIInterfaceOrientationPortrait UIInterfaceOrientationLandscapeLeft UIInterfaceOrientationLandscapeRight";
				INFOPLIST_KEY_UIUserInterfaceStyle = Light;
				IPHONEOS_DEPLOYMENT_TARGET = 17.6;
				LD_RUNPATH_SEARCH_PATHS = (
					"$(inherited)",
					"@executable_path/Frameworks",
				);
				MARKETING_VERSION = 1.0;
				PRODUCT_BUNDLE_IDENTIFIER = mcm.iOSchan;
				PRODUCT_NAME = "$(TARGET_NAME)";
				STRING_CATALOG_GENERATE_SYMBOLS = YES;
				SWIFT_APPROACHABLE_CONCURRENCY = YES;
				SWIFT_DEFAULT_ACTOR_ISOLATION = MainActor;
				SWIFT_EMIT_LOC_STRINGS = YES;
				SWIFT_UPCOMING_FEATURE_MEMBER_IMPORT_VISIBILITY = YES;
				SWIFT_VERSION = 5.0;
				TARGETED_DEVICE_FAMILY = "1,2";
			};
			name = Debug;
		};
		7C5010DB2EF6CBC600072401 /* Release */ = {
			isa = XCBuildConfiguration;
			buildSettings = {
				ASSETCATALOG_COMPILER_APPICON_NAME = AppIcon;
				ASSETCATALOG_COMPILER_GLOBAL_ACCENT_COLOR_NAME = AccentColor;
				ASSETCATALOG_COMPILER_INCLUDE_ALL_APPICON_ASSETS = YES;
				CODE_SIGN_STYLE = Automatic;
				CURRENT_PROJECT_VERSION = 1;
				DEVELOPMENT_TEAM = VQLHV2V68B;
				ENABLE_PREVIEWS = YES;
				GENERATE_INFOPLIST_FILE = YES;
				INFOPLIST_FILE = iOSchan/Info.plist;
				INFOPLIST_KEY_LSSupportsOpeningDocumentsInPlace = YES;
				INFOPLIST_KEY_NSPhotoLibraryAddUsageDescription = "Save images to gallery.";
				INFOPLIST_KEY_UIApplicationSceneManifest_Generation = YES;
				INFOPLIST_KEY_UIApplicationSupportsIndirectInputEvents = YES;
				INFOPLIST_KEY_UILaunchScreen_Generation = YES;
				INFOPLIST_KEY_UILaunchStoryboardName = LaunchScreen.storyboard;
				INFOPLIST_KEY_UISupportedInterfaceOrientations_iPad = "UIInterfaceOrientationPortrait UIInterfaceOrientationPortraitUpsideDown UIInterfaceOrientationLandscapeLeft UIInterfaceOrientationLandscapeRight";
				INFOPLIST_KEY_UISupportedInterfaceOrientations_iPhone = "UIInterfaceOrientationPortrait UIInterfaceOrientationLandscapeLeft UIInterfaceOrientationLandscapeRight";
				INFOPLIST_KEY_UIUserInterfaceStyle = Light;
				IPHONEOS_DEPLOYMENT_TARGET = 17.6;
				LD_RUNPATH_SEARCH_PATHS = (
					"$(inherited)",
					"@executable_path/Frameworks",
				);
				MARKETING_VERSION = 1.0;
				PRODUCT_BUNDLE_IDENTIFIER = mcm.iOSchan;
				PRODUCT_NAME = "$(TARGET_NAME)";
				STRING_CATALOG_GENERATE_SYMBOLS = YES;
				SWIFT_APPROACHABLE_CONCURRENCY = YES;
				SWIFT_DEFAULT_ACTOR_ISOLATION = MainActor;
				SWIFT_EMIT_LOC_STRINGS = YES;
				SWIFT_UPCOMING_FEATURE_MEMBER_IMPORT_VISIBILITY = YES;
				SWIFT_VERSION = 5.0;
				TARGETED_DEVICE_FAMILY = "1,2";
			};
			name = Release;
		};
/* End XCBuildConfiguration section */

/* Begin XCConfigurationList section */
		7C5010C92EF6CBC500072401 /* Build configuration list for PBXProject "iOSchan" */ = {
			isa = XCConfigurationList;
			buildConfigurations = (
				7C5010D72EF6CBC600072401 /* Debug */,
				7C5010D82EF6CBC600072401 /* Release */,
			);
			defaultConfigurationIsVisible = 0;
			defaultConfigurationName = Release;
		};
		7C5010D92EF6CBC600072401 /* Build configuration list for PBXNativeTarget "iOSchan" */ = {
			isa = XCConfigurationList;
			buildConfigurations = (
				7C5010DA2EF6CBC600072401 /* Debug */,
				7C5010DB2EF6CBC600072401 /* Release */,
			);
			defaultConfigurationIsVisible = 0;
			defaultConfigurationName = Release;
		};
/* End XCConfigurationList section */
	};
	rootObject = 7C5010C62EF6CBC500072401 /* Project object */;
}
